{
  "nodes": {
    "flake-utils": {
      "locked": {
        "lastModified": 1618217525,
        "narHash": "sha256-WGrhVczjXTiswQaoxQ+0PTfbLNeOQM6M36zvLn78AYg=",
        "owner": "numtide",
        "repo": "flake-utils",
        "rev": "c6169a2772643c4a93a0b5ac1c61e296cba68544",
        "type": "github"
      },
      "original": {
        "owner": "numtide",
        "repo": "flake-utils",
        "type": "github"
      }
    },
    "nixpkgs": {
      "locked": {
        "lastModified": 1668972439,
        "narHash": "sha256-msePxmSRNi1vHfPCFeSW9u+zkDDouOkW+mH8DjlZaHQ=",
        "owner": "NixOS",
        "repo": "nixpkgs",
        "rev": "1566922325524035612c13796d7a749fcedc5e1c",
        "type": "github"
      },
      "original": {
        "owner": "NixOS",
        "ref": "nixpkgs-unstable",
        "repo": "nixpkgs",
        "type": "github"
      }
    },
    "root": {
      "inputs": {
        "nixpkgs": "nixpkgs",
        "src": "src",
        "utils": "utils"
      }
    },
    "src": {
      "flake": false,
      "locked": {
        "lastModified": 1580501590,
        "narHash": "sha256-OjU3Oomhgip1FgepnyaqesfAgkoziaryMVeVUJwJD2c=",
        "owner": "cgao3",
        "repo": "benzene-vanilla-cmake",
        "rev": "ffea736d16bd106e38b9b8f77fc56d6fd688bca7",
        "type": "github"
      },
      "original": {
        "owner": "cgao3",
        "repo": "benzene-vanilla-cmake",
        "type": "github"
      }
    },
    "utils": {
      "inputs": {
        "flake-utils": "flake-utils"
      },
      "locked": {
        "lastModified": 1658606827,
        "narHash": "sha256-3kSWTDpV4+uApt/Xd0kv2m7TR1Y6A7SgYUeX86/qYuU=",
        "owner": "ursi",
        "repo": "flake-utils",
        "rev": "faec5f7431da6747a69957a9cd65e35b5173e10a",
        "type": "github"
      },
      "original": {
        "owner": "ursi",
        "ref": "8",
        "repo": "flake-utils",
        "type": "github"
      }
    }
  },
  "root": "root",
  "version": 7
}
